
Microsoft Visual Studio Solution File, Format Version 12.00
# Visual Studio Version 16
VisualStudioVersion = 16.0.31911.196
MinimumVisualStudioVersion = 10.0.40219.1
Project("{FAE04EC0-301F-11D3-BF4B-00C04F79EFBC}") = "appLoteria", "appLoteria\appLoteria.csproj", "{3A1481F8-9C13-4431-8E2E-95A992689CBF}"
EndProject
Global
	GlobalSection(SolutionConfigurationPlatforms) = preSolution
		Debug|Any CPU = Debug|Any CPU
		Release|Any CPU = Release|Any CPU
	EndGlobalSection
	GlobalSection(ProjectConfigurationPlatforms) = postSolution
		{3A1481F8-9C13-4431-8E2E-95A992689CBF}.Debug|Any CPU.ActiveCfg = Debug|Any CPU
		{3A1481F8-9C13-4431-8E2E-95A992689CBF}.Debug|Any CPU.Build.0 = Debug|Any CPU
		{3A1481F8-9C13-4431-8E2E-95A992689CBF}.Release|Any CPU.ActiveCfg = Release|Any CPU
		{3A1481F8-9C13-4431-8E2E-95A992689CBF}.Release|Any CPU.Build.0 = Release|Any CPU
	EndGlobalSection
	GlobalSection(SolutionProperties) = preSolution
		HideSolutionNode = FALSE
	EndGlobalSection
	GlobalSection(ExtensibilityGlobals) = postSolution
		SolutionGuid = {532A9000-F88E-407E-8C92-B32033FC3E5F}
	EndGlobalSection
EndGlobal
